{
  "lockfileVersion": 1,
  "configVersion": 0,
  "workspaces": {
    "": {
      "name": "exsolutor",
      "dependencies": {
        "strip-json-comments": "^5.0.3",
      },
      "devDependencies": {
        "@types/node": "^22",
        "typescript": "^5.0.0",
      },
      "peerDependencies": {
        "@opencode-ai/plugin": ">=1.0.0",
      },
    },
  },
  "packages": {
    "@opencode-ai/plugin": ["@opencode-ai/plugin@1.1.48", "", { "dependencies": { "@opencode-ai/sdk": "1.1.48", "zod": "4.1.8" } }, "sha512-KkaSMevXmz7tOwYDMJeWiXE5N8LmRP18qWI5Xhv3+c+FdGPL+l1hQrjSgyv3k7Co7qpCyW3kAUESBB7BzIOl2w=="],

    "@opencode-ai/sdk": ["@opencode-ai/sdk@1.1.48", "", {}, "sha512-j5/79X45fUPWVD2Ffm/qvwLclDCdPeV+TYMDrm9to0p4pmzhmeKevCsyiRdLg0o0HE3AFRUnOo2rdO9NetN79A=="],

    "@types/node": ["@types/node@22.19.7", "", { "dependencies": { "undici-types": "~6.21.0" } }, "sha512-MciR4AKGHWl7xwxkBa6xUGxQJ4VBOmPTF7sL+iGzuahOFaO0jHCsuEfS80pan1ef4gWId1oWOweIhrDEYLuaOw=="],

    "strip-json-comments": ["strip-json-comments@5.0.3", "", {}, "sha512-1tB5mhVo7U+ETBKNf92xT4hrQa3pm0MZ0PQvuDnWgAAGHDsfp4lPSpiS6psrSiet87wyGPh9ft6wmhOMQ0hDiw=="],

    "typescript": ["typescript@5.9.3", "", { "bin": { "tsc": "bin/tsc", "tsserver": "bin/tsserver" } }, "sha512-jl1vZzPDinLr9eUt3J/t7V6FgNEw9QjvBPdysz9KfQDD41fQrC2Y4vKQdiaUpFT4bXlb1RHhLpp8wtm6M5TgSw=="],

    "undici-types": ["undici-types@6.21.0", "", {}, "sha512-iwDZqg0QAGrg9Rav5H4n0M64c3mkR59cJ6wQp+7C4nI0gsmExaedaYLNO44eT4AtBBwjbTiGPMlt2Md0T9H9JQ=="],

    "zod": ["zod@4.1.8", "", {}, "sha512-5R1P+WwQqmmMIEACyzSvo4JXHY5WiAFHRMg+zBZKgKS+Q1viRa0C1hmUKtHltoIFKtIdki3pRxkmpP74jnNYHQ=="],
  }
}
